
Microsoft Visual Studio Solution File, Format Version 12.00
# Visual Studio Version 17
VisualStudioVersion = 17.8.34309.116
MinimumVisualStudioVersion = 10.0.40219.1
Project("{FAE04EC0-301F-11D3-BF4B-00C04F79EFBC}") = "WebUI", "WebUI\WebUI.csproj", "{E4D22CE5-59D0-4393-ABF8-648262D7A825}"
EndProject
Global
	GlobalSection(SolutionConfigurationPlatforms) = preSolution
		Debug|Any CPU = Debug|Any CPU
		Release|Any CPU = Release|Any CPU
	EndGlobalSection
	GlobalSection(ProjectConfigurationPlatforms) = postSolution
		{E4D22CE5-59D0-4393-ABF8-648262D7A825}.Debug|Any CPU.ActiveCfg = Debug|Any CPU
		{E4D22CE5-59D0-4393-ABF8-648262D7A825}.Debug|Any CPU.Build.0 = Debug|Any CPU
		{E4D22CE5-59D0-4393-ABF8-648262D7A825}.Release|Any CPU.ActiveCfg = Release|Any CPU
		{E4D22CE5-59D0-4393-ABF8-648262D7A825}.Release|Any CPU.Build.0 = Release|Any CPU
	EndGlobalSection
	GlobalSection(SolutionProperties) = preSolution
		HideSolutionNode = FALSE
	EndGlobalSection
	GlobalSection(ExtensibilityGlobals) = postSolution
		SolutionGuid = {8A9885EC-2BED-47AC-8059-8385F3DD4C04}
	EndGlobalSection
EndGlobal
